
Microsoft Visual Studio Solution File, Format Version 12.00
# Visual Studio Version 16
VisualStudioVersion = 16.0.29905.134
MinimumVisualStudioVersion = 10.0.40219.1
Project("{FAE04EC0-301F-11D3-BF4B-00C04F79EFBC}") = "PrzykladoweKolokwium", "PrzykladoweKolokwium\PrzykladoweKolokwium.csproj", "{5A1A59C5-5075-4BF7-BAA9-6E3E6B240281}"
EndProject
Global
	GlobalSection(SolutionConfigurationPlatforms) = preSolution
		Debug|Any CPU = Debug|Any CPU
		Release|Any CPU = Release|Any CPU
	EndGlobalSection
	GlobalSection(ProjectConfigurationPlatforms) = postSolution
		{5A1A59C5-5075-4BF7-BAA9-6E3E6B240281}.Debug|Any CPU.ActiveCfg = Debug|Any CPU
		{5A1A59C5-5075-4BF7-BAA9-6E3E6B240281}.Debug|Any CPU.Build.0 = Debug|Any CPU
		{5A1A59C5-5075-4BF7-BAA9-6E3E6B240281}.Release|Any CPU.ActiveCfg = Release|Any CPU
		{5A1A59C5-5075-4BF7-BAA9-6E3E6B240281}.Release|Any CPU.Build.0 = Release|Any CPU
	EndGlobalSection
	GlobalSection(SolutionProperties) = preSolution
		HideSolutionNode = FALSE
	EndGlobalSection
	GlobalSection(ExtensibilityGlobals) = postSolution
		SolutionGuid = {E75CCA24-AD00-4448-BF5F-C0BD38070EA5}
	EndGlobalSection
EndGlobal
